PODS:
  - advertising_id (0.0.1):
    - Flutter
  - app_tracking_transparency (0.0.1):
    - Flutter
  - appsflyer_sdk (6.17.7):
    - appsflyer_sdk/Core (= 6.17.7)
  - appsflyer_sdk/Core (6.17.7):
    - AppsFlyerFramework (= 6.17.7)
    - Flutter
  - AppsFlyerFramework (6.17.7):
    - AppsFlyerFramework/Main (= 6.17.7)
  - AppsFlyerFramework/Main (6.17.7)
  - camera_avfoundation (0.0.1):
    - Flutter
  - Flutter (1.0.0)
  - flutter_inappwebview_ios (0.0.1):
    - Flutter
    - flutter_inappwebview_ios/Core (= 0.0.1)
    - OrderedSet (~> 6.0.3)
  - flutter_inappwebview_ios/Core (0.0.1):
    - Flutter
    - OrderedSet (~> 6.0.3)
  - flutter_native_splash (2.4.3):
    - Flutter
  - geolocator_apple (1.2.0):
    - Flutter
    - FlutterMacOS
  - Google-Maps-iOS-Utils (5.0.0):
    - GoogleMaps (~> 8.0)
  - google_maps_flutter_ios (0.0.1):
    - Flutter
    - Google-Maps-iOS-Utils (< 7.0, >= 5.0)
    - GoogleMaps (< 10.0, >= 8.4)
  - GoogleMaps (8.4.0):
    - GoogleMaps/Maps (= 8.4.0)
  - GoogleMaps/Base (8.4.0)
  - GoogleMaps/Maps (8.4.0):
    - GoogleMaps/Base
  - image_picker_ios (0.0.1):
    - Flutter
  - in_app_review (2.0.0):
    - Flutter
  - onesignal_flutter (5.3.4):
    - Flutter
    - OneSignalXCFramework (= 5.2.14)
  - OneSignalXCFramework (5.2.14):
    - OneSignalXCFramework/OneSignalComplete (= 5.2.14)
  - OneSignalXCFramework/OneSignal (5.2.14):
    - OneSignalXCFramework/OneSignalCore
    - OneSignalXCFramework/OneSignalExtension
    - OneSignalXCFramework/OneSignalLiveActivities
    - OneSignalXCFramework/OneSignalNotifications
    - OneSignalXCFramework/OneSignalOSCore
    - OneSignalXCFramework/OneSignalOutcomes
    - OneSignalXCFramework/OneSignalUser
  - OneSignalXCFramework/OneSignalComplete (5.2.14):
    - OneSignalXCFramework/OneSignal
    - OneSignalXCFramework/OneSignalInAppMessages
    - OneSignalXCFramework/OneSignalLocation
  - OneSignalXCFramework/OneSignalCore (5.2.14)
  - OneSignalXCFramework/OneSignalExtension (5.2.14):
    - OneSignalXCFramework/OneSignalCore
    - OneSignalXCFramework/OneSignalOutcomes
  - OneSignalXCFramework/OneSignalInAppMessages (5.2.14):
    - OneSignalXCFramework/OneSignalCore
    - OneSignalXCFramework/OneSignalNotifications
    - OneSignalXCFramework/OneSignalOSCore
    - OneSignalXCFramework/OneSignalOutcomes
    - OneSignalXCFramework/OneSignalUser
  - OneSignalXCFramework/OneSignalLiveActivities (5.2.14):
    - OneSignalXCFramework/OneSignalCore
    - OneSignalXCFramework/OneSignalOSCore
    - OneSignalXCFramework/OneSignalUser
  - OneSignalXCFramework/OneSignalLocation (5.2.14):
    - OneSignalXCFramework/OneSignalCore
    - OneSignalXCFramework/OneSignalNotifications
    - OneSignalXCFramework/OneSignalOSCore
    - OneSignalXCFramework/OneSignalUser
  - OneSignalXCFramework/OneSignalNotifications (5.2.14):
    - OneSignalXCFramework/OneSignalCore
    - OneSignalXCFramework/OneSignalExtension
    - OneSignalXCFramework/OneSignalOutcomes
  - OneSignalXCFramework/OneSignalOSCore (5.2.14):
    - OneSignalXCFramework/OneSignalCore
  - OneSignalXCFramework/OneSignalOutcomes (5.2.14):
    - OneSignalXCFramework/OneSignalCore
  - OneSignalXCFramework/OneSignalUser (5.2.14):
    - OneSignalXCFramework/OneSignalCore
    - OneSignalXCFramework/OneSignalNotifications
    - OneSignalXCFramework/OneSignalOSCore
    - OneSignalXCFramework/OneSignalOutcomes
  - OrderedSet (6.0.3)
  - path_provider_foundation (0.0.1):
    - Flutter
    - FlutterMacOS
  - permission_handler_apple (9.3.0):
    - Flutter
  - shared_preferences_foundation (0.0.1):
    - Flutter
    - FlutterMacOS
  - url_launcher_ios (0.0.1):
    - Flutter
  - webview_flutter_wkwebview (0.0.1):
    - Flutter
    - FlutterMacOS

DEPENDENCIES:
  - advertising_id (from `.symlinks/plugins/advertising_id/ios`)
  - app_tracking_transparency (from `.symlinks/plugins/app_tracking_transparency/ios`)
  - appsflyer_sdk (from `.symlinks/plugins/appsflyer_sdk/ios`)
  - camera_avfoundation (from `.symlinks/plugins/camera_avfoundation/ios`)
  - Flutter (from `Flutter`)
  - flutter_inappwebview_ios (from `.symlinks/plugins/flutter_inappwebview_ios/ios`)
  - flutter_native_splash (from `.symlinks/plugins/flutter_native_splash/ios`)
  - geolocator_apple (from `.symlinks/plugins/geolocator_apple/darwin`)
  - google_maps_flutter_ios (from `.symlinks/plugins/google_maps_flutter_ios/ios`)
  - image_picker_ios (from `.symlinks/plugins/image_picker_ios/ios`)
  - in_app_review (from `.symlinks/plugins/in_app_review/ios`)
  - onesignal_flutter (from `.symlinks/plugins/onesignal_flutter/ios`)
  - OneSignalXCFramework (< 6.0, >= 5.0.0)
  - path_provider_foundation (from `.symlinks/plugins/path_provider_foundation/darwin`)
  - permission_handler_apple (from `.symlinks/plugins/permission_handler_apple/ios`)
  - shared_preferences_foundation (from `.symlinks/plugins/shared_preferences_foundation/darwin`)
  - url_launcher_ios (from `.symlinks/plugins/url_launcher_ios/ios`)
  - webview_flutter_wkwebview (from `.symlinks/plugins/webview_flutter_wkwebview/darwin`)

SPEC REPOS:
  trunk:
    - AppsFlyerFramework
    - Google-Maps-iOS-Utils
    - GoogleMaps
    - OneSignalXCFramework
    - OrderedSet

EXTERNAL SOURCES:
  advertising_id:
    :path: ".symlinks/plugins/advertising_id/ios"
  app_tracking_transparency:
    :path: ".symlinks/plugins/app_tracking_transparency/ios"
  appsflyer_sdk:
    :path: ".symlinks/plugins/appsflyer_sdk/ios"
  camera_avfoundation:
    :path: ".symlinks/plugins/camera_avfoundation/ios"
  Flutter:
    :path: Flutter
  flutter_inappwebview_ios:
    :path: ".symlinks/plugins/flutter_inappwebview_ios/ios"
  flutter_native_splash:
    :path: ".symlinks/plugins/flutter_native_splash/ios"
  geolocator_apple:
    :path: ".symlinks/plugins/geolocator_apple/darwin"
  google_maps_flutter_ios:
    :path: ".symlinks/plugins/google_maps_flutter_ios/ios"
  image_picker_ios:
    :path: ".symlinks/plugins/image_picker_ios/ios"
  in_app_review:
    :path: ".symlinks/plugins/in_app_review/ios"
  onesignal_flutter:
    :path: ".symlinks/plugins/onesignal_flutter/ios"
  path_provider_foundation:
    :path: ".symlinks/plugins/path_provider_foundation/darwin"
  permission_handler_apple:
    :path: ".symlinks/plugins/permission_handler_apple/ios"
  shared_preferences_foundation:
    :path: ".symlinks/plugins/shared_preferences_foundation/darwin"
  url_launcher_ios:
    :path: ".symlinks/plugins/url_launcher_ios/ios"
  webview_flutter_wkwebview:
    :path: ".symlinks/plugins/webview_flutter_wkwebview/darwin"

SPEC CHECKSUMS:
  advertising_id: d5de9e659986092d7ca50977dc50f4f4fcd4c30a
  app_tracking_transparency: 3d84f147f67ca82d3c15355c36b1fa6b66ca7c92
  appsflyer_sdk: 01d0cd834fe2fffd7f2372ab38690f7483587720
  AppsFlyerFramework: ae7caf1688348f2d7a742037bd4fc6966d39d362
  camera_avfoundation: 5675ca25298b6f81fa0a325188e7df62cc217741
  Flutter: cabc95a1d2626b1b06e7179b784ebcf0c0cde467
  flutter_inappwebview_ios: b89ba3482b96fb25e00c967aae065701b66e9b99
  flutter_native_splash: c32d145d68aeda5502d5f543ee38c192065986cf
  geolocator_apple: ab36aa0e8b7d7a2d7639b3b4e48308394e8cef5e
  Google-Maps-iOS-Utils: 66d6de12be1ce6d3742a54661e7a79cb317a9321
  google_maps_flutter_ios: 0291eb2aa252298a769b04d075e4a9d747ff7264
  GoogleMaps: 8939898920281c649150e0af74aa291c60f2e77d
  image_picker_ios: e0ece4aa2a75771a7de3fa735d26d90817041326
  in_app_review: 7dd1ea365263f834b8464673f9df72c80c17c937
  onesignal_flutter: 3a2b51f9262c851166a882a553d71a8ccec4e29c
  OneSignalXCFramework: 7112f3e89563e41ebc23fe807788f11985ac541c
  OrderedSet: e539b66b644ff081c73a262d24ad552a69be3a94
  path_provider_foundation: bb55f6dbba17d0dccd6737fe6f7f34fbd0376880
  permission_handler_apple: 4ed2196e43d0651e8ff7ca3483a069d469701f2d
  shared_preferences_foundation: 7036424c3d8ec98dfe75ff1667cb0cd531ec82bb
  url_launcher_ios: 7a95fa5b60cc718a708b8f2966718e93db0cef1b
  webview_flutter_wkwebview: 8ebf4fded22593026f7dbff1fbff31ea98573c8d

PODFILE CHECKSUM: fed14ea2ef439940eda609c1505a46fb1b42cc89

COCOAPODS: 1.16.2
